
Microsoft Visual Studio Solution File, Format Version 12.00
# Visual Studio 15
VisualStudioVersion = 15.0.28307.271
MinimumVisualStudioVersion = 10.0.40219.1
Project("{FAE04EC0-301F-11D3-BF4B-00C04F79EFBC}") = "CoreApp", "CoreApp\CoreApp.csproj", "{B9981BDF-37D7-43FC-BC50-071BD0546149}"
EndProject
Project("{FAE04EC0-301F-11D3-BF4B-00C04F79EFBC}") = "AppCore.Infrastructure", "AppCore.Infrastructure\AppCore.Infrastructure.csproj", "{5EB01669-34BB-4B76-A3BB-EE75B308F9A1}"
EndProject
Project("{FAE04EC0-301F-11D3-BF4B-00C04F79EFBC}") = "AppCore.Ultilities", "AppCore.Ultilities\AppCore.Ultilities.csproj", "{2D3E735F-82B1-42A1-ADBD-9D4CF63F965C}"
EndProject
Project("{FAE04EC0-301F-11D3-BF4B-00C04F79EFBC}") = "AppCore.Data", "AppCore.Data\AppCore.Data.csproj", "{A4DF76C8-73FB-4B98-9B4E-8970DC3C10C9}"
EndProject
Project("{FAE04EC0-301F-11D3-BF4B-00C04F79EFBC}") = "AppCore.Data.EF", "AppCore.Data.EF\AppCore.Data.EF.csproj", "{6BB7E05C-B847-4C6B-89B4-A917C3587B48}"
EndProject
Project("{FAE04EC0-301F-11D3-BF4B-00C04F79EFBC}") = "AppCore.Application", "AppCore.Application\AppCore.Application.csproj", "{2EEE927D-542C-491E-A552-A5B6B6735A11}"
EndProject
Project("{2150E333-8FDC-42A3-9474-1A3956D46DE8}") = "1-Presentation", "1-Presentation", "{5A5C4392-646C-4C6C-9912-968798B2557A}"
EndProject
Project("{2150E333-8FDC-42A3-9474-1A3956D46DE8}") = "2-Application", "2-Application", "{C9582617-8870-4486-ABEC-0A1297894C66}"
EndProject
Project("{2150E333-8FDC-42A3-9474-1A3956D46DE8}") = "3-Domain", "3-Domain", "{1B61D5D4-7F7F-4EF0-86C0-AB34E16D6B63}"
EndProject
Project("{2150E333-8FDC-42A3-9474-1A3956D46DE8}") = "4-Infrastructure", "4-Infrastructure", "{20D20BED-B796-444E-AA9C-CCCE34CC2191}"
EndProject
Global
	GlobalSection(SolutionConfigurationPlatforms) = preSolution
		Debug|Any CPU = Debug|Any CPU
		Release|Any CPU = Release|Any CPU
	EndGlobalSection
	GlobalSection(ProjectConfigurationPlatforms) = postSolution
		{B9981BDF-37D7-43FC-BC50-071BD0546149}.Debug|Any CPU.ActiveCfg = Debug|Any CPU
		{B9981BDF-37D7-43FC-BC50-071BD0546149}.Debug|Any CPU.Build.0 = Debug|Any CPU
		{B9981BDF-37D7-43FC-BC50-071BD0546149}.Release|Any CPU.ActiveCfg = Release|Any CPU
		{B9981BDF-37D7-43FC-BC50-071BD0546149}.Release|Any CPU.Build.0 = Release|Any CPU
		{5EB01669-34BB-4B76-A3BB-EE75B308F9A1}.Debug|Any CPU.ActiveCfg = Debug|Any CPU
		{5EB01669-34BB-4B76-A3BB-EE75B308F9A1}.Debug|Any CPU.Build.0 = Debug|Any CPU
		{5EB01669-34BB-4B76-A3BB-EE75B308F9A1}.Release|Any CPU.ActiveCfg = Release|Any CPU
		{5EB01669-34BB-4B76-A3BB-EE75B308F9A1}.Release|Any CPU.Build.0 = Release|Any CPU
		{2D3E735F-82B1-42A1-ADBD-9D4CF63F965C}.Debug|Any CPU.ActiveCfg = Debug|Any CPU
		{2D3E735F-82B1-42A1-ADBD-9D4CF63F965C}.Debug|Any CPU.Build.0 = Debug|Any CPU
		{2D3E735F-82B1-42A1-ADBD-9D4CF63F965C}.Release|Any CPU.ActiveCfg = Release|Any CPU
		{2D3E735F-82B1-42A1-ADBD-9D4CF63F965C}.Release|Any CPU.Build.0 = Release|Any CPU
		{A4DF76C8-73FB-4B98-9B4E-8970DC3C10C9}.Debug|Any CPU.ActiveCfg = Debug|Any CPU
		{A4DF76C8-73FB-4B98-9B4E-8970DC3C10C9}.Debug|Any CPU.Build.0 = Debug|Any CPU
		{A4DF76C8-73FB-4B98-9B4E-8970DC3C10C9}.Release|Any CPU.ActiveCfg = Release|Any CPU
		{A4DF76C8-73FB-4B98-9B4E-8970DC3C10C9}.Release|Any CPU.Build.0 = Release|Any CPU
		{6BB7E05C-B847-4C6B-89B4-A917C3587B48}.Debug|Any CPU.ActiveCfg = Debug|Any CPU
		{6BB7E05C-B847-4C6B-89B4-A917C3587B48}.Debug|Any CPU.Build.0 = Debug|Any CPU
		{6BB7E05C-B847-4C6B-89B4-A917C3587B48}.Release|Any CPU.ActiveCfg = Release|Any CPU
		{6BB7E05C-B847-4C6B-89B4-A917C3587B48}.Release|Any CPU.Build.0 = Release|Any CPU
		{2EEE927D-542C-491E-A552-A5B6B6735A11}.Debug|Any CPU.ActiveCfg = Debug|Any CPU
		{2EEE927D-542C-491E-A552-A5B6B6735A11}.Debug|Any CPU.Build.0 = Debug|Any CPU
		{2EEE927D-542C-491E-A552-A5B6B6735A11}.Release|Any CPU.ActiveCfg = Release|Any CPU
		{2EEE927D-542C-491E-A552-A5B6B6735A11}.Release|Any CPU.Build.0 = Release|Any CPU
	EndGlobalSection
	GlobalSection(SolutionProperties) = preSolution
		HideSolutionNode = FALSE
	EndGlobalSection
	GlobalSection(NestedProjects) = preSolution
		{B9981BDF-37D7-43FC-BC50-071BD0546149} = {5A5C4392-646C-4C6C-9912-968798B2557A}
		{5EB01669-34BB-4B76-A3BB-EE75B308F9A1} = {20D20BED-B796-444E-AA9C-CCCE34CC2191}
		{2D3E735F-82B1-42A1-ADBD-9D4CF63F965C} = {20D20BED-B796-444E-AA9C-CCCE34CC2191}
		{A4DF76C8-73FB-4B98-9B4E-8970DC3C10C9} = {1B61D5D4-7F7F-4EF0-86C0-AB34E16D6B63}
		{6BB7E05C-B847-4C6B-89B4-A917C3587B48} = {1B61D5D4-7F7F-4EF0-86C0-AB34E16D6B63}
		{2EEE927D-542C-491E-A552-A5B6B6735A11} = {C9582617-8870-4486-ABEC-0A1297894C66}
	EndGlobalSection
	GlobalSection(ExtensibilityGlobals) = postSolution
		SolutionGuid = {66E5291F-61AC-4B09-B7B6-6A609B041964}
	EndGlobalSection
EndGlobal
